{
  "name": "Streamlit-app",
  "lockfileVersion": 3,
  "requires": true,
  "packages": {
    "": {
      "dependencies": {
        "pandas": "^0.0.3",
        "streamlit": "^2.51.2"
      }
    },
    "node_modules/pandas": {
      "version": "0.0.3",
      "resolved": "https://registry.npmjs.org/pandas/-/pandas-0.0.3.tgz",
      "integrity": "sha512-b6b0XOuj8mvj2Kn6qfcvPmb0ILCcbuep5VYZche3730P9cXQcvarbbvWJxwXkxc3OXyGFYjJ4kozjX5ZXXMrsw==",
      "license": "WTFPL"
    },
    "node_modules/streamlit": {
      "version": "2.51.2",
      "resolved": "https://registry.npmjs.org/streamlit/-/streamlit-2.51.2.tgz",
      "integrity": "sha512-ZMF3Z7ueouGnw98p+T96hFKrTAIBiY1Iz9D5qPQXBOi8+2RkBCmzInBnjZZa9abQVrlsAbndns+6E3aiYs9EGQ==",
      "license": "ISC"
    }
  }
}
